{
  "packages": [
    {
      "dependencies": [
        "rstd-core",
        "rstd-runtime"
      ],
      "manifest": "src/alloc/lito.toml",
      "name": "rstd-alloc",
      "source": "git+https://github.com/litocpp/rstd.git#733f0ee06eb61cfe4a739d834451881aebf062cc",
      "version": "0.1.0"
    },
    {
      "dependencies": [],
      "manifest": "src/basic/lito.toml",
      "name": "rstd-basic",
      "source": "git+https://github.com/litocpp/rstd.git#733f0ee06eb61cfe4a739d834451881aebf062cc",
      "version": "0.1.0"
    },
    {
      "dependencies": [
        "rstd-basic",
        "rstd-runtime"
      ],
      "manifest": "src/core/lito.toml",
      "name": "rstd-core",
      "source": "git+https://github.com/litocpp/rstd.git#733f0ee06eb61cfe4a739d834451881aebf062cc",
      "version": "0.1.0"
    },
    {
      "dependencies": [
        "rstd-std"
      ],
      "manifest": "src/cppstd/lito.toml",
      "name": "rstd-cppstd",
      "source": "git+https://github.com/litocpp/rstd.git#733f0ee06eb61cfe4a739d834451881aebf062cc",
      "version": "0.1.0"
    },
    {
      "dependencies": [
        "rstd-core",
        "rstd-std"
      ],
      "manifest": "src/log/lito.toml",
      "name": "rstd-log",
      "source": "git+https://github.com/litocpp/rstd.git#733f0ee06eb61cfe4a739d834451881aebf062cc",
      "version": "0.1.0"
    },
    {
      "dependencies": [
        "rstd-basic"
      ],
      "manifest": "src/runtime/lito.toml",
      "name": "rstd-runtime",
      "source": "git+https://github.com/litocpp/rstd.git#733f0ee06eb61cfe4a739d834451881aebf062cc",
      "version": "0.1.0"
    },
    {
      "dependencies": [
        "rstd-alloc",
        "rstd-core"
      ],
      "manifest": "src/std/lito.toml",
      "name": "rstd-std",
      "source": "git+https://github.com/litocpp/rstd.git#733f0ee06eb61cfe4a739d834451881aebf062cc",
      "version": "0.1.0"
    },
    {
      "dependencies": [
        "rstd-cppstd",
        "rstd-log",
        "rstd-std"
      ],
      "manifest": "lito.toml",
      "name": "vvk",
      "source": "path+.",
      "version": "0.1.0"
    }
  ],
  "roots": [
    "vvk"
  ],
  "sources": [
    {
      "commit": "3aa921224c154a0d2c43912bc88e1c42ce1f7607",
      "kind": "git",
      "reference": {
        "kind": "rev",
        "value": "3aa921224c154a0d2c43912bc88e1c42ce1f7607"
      },
      "url": "https://github.com/GPUOpen-LibrariesAndSDKs/VulkanMemoryAllocator.git"
    },
    {
      "commit": "733f0ee06eb61cfe4a739d834451881aebf062cc",
      "kind": "git",
      "reference": {
        "kind": "default",
        "value": ""
      },
      "url": "https://github.com/litocpp/rstd.git"
    },
    {
      "kind": "path",
      "path": "."
    }
  ],
  "version": 4
}
